
Microsoft Visual Studio Solution File, Format Version 12.00
# Visual Studio 14
VisualStudioVersion = 14.0.24720.0
MinimumVisualStudioVersion = 10.0.40219.1
Project("{FAE04EC0-301F-11D3-BF4B-00C04F79EFBC}") = "Osmos", "Osmos\Osmos\Osmos.csproj", "{80A5CF07-FE5B-4116-9C19-1A8260EA6A23}"
EndProject
Project("{96E2B04D-8817-42C6-938A-82C39BA4D311}") = "OsmosContent", "Osmos\OsmosContent\OsmosContent.contentproj", "{2FED3DFE-2D78-4C4B-9CD6-E6A67E702E9E}"
EndProject
Project("{FAE04EC0-301F-11D3-BF4B-00C04F79EFBC}") = "OsmosLibrary", "OsmosLibrary\OsmosLibrary.csproj", "{6D26C509-A483-405A-A69D-E0A0090A3B64}"
EndProject
Global
	GlobalSection(SolutionConfigurationPlatforms) = preSolution
		Debug|Any CPU = Debug|Any CPU
		Debug|x86 = Debug|x86
		Release|Any CPU = Release|Any CPU
		Release|x86 = Release|x86
	EndGlobalSection
	GlobalSection(ProjectConfigurationPlatforms) = postSolution
		{80A5CF07-FE5B-4116-9C19-1A8260EA6A23}.Debug|Any CPU.ActiveCfg = Debug|x86
		{80A5CF07-FE5B-4116-9C19-1A8260EA6A23}.Debug|x86.ActiveCfg = Debug|x86
		{80A5CF07-FE5B-4116-9C19-1A8260EA6A23}.Debug|x86.Build.0 = Debug|x86
		{80A5CF07-FE5B-4116-9C19-1A8260EA6A23}.Release|Any CPU.ActiveCfg = Release|x86
		{80A5CF07-FE5B-4116-9C19-1A8260EA6A23}.Release|x86.ActiveCfg = Release|x86
		{80A5CF07-FE5B-4116-9C19-1A8260EA6A23}.Release|x86.Build.0 = Release|x86
		{2FED3DFE-2D78-4C4B-9CD6-E6A67E702E9E}.Debug|Any CPU.ActiveCfg = Debug|x86
		{2FED3DFE-2D78-4C4B-9CD6-E6A67E702E9E}.Debug|x86.ActiveCfg = Debug|x86
		{2FED3DFE-2D78-4C4B-9CD6-E6A67E702E9E}.Release|Any CPU.ActiveCfg = Release|x86
		{2FED3DFE-2D78-4C4B-9CD6-E6A67E702E9E}.Release|x86.ActiveCfg = Release|x86
		{6D26C509-A483-405A-A69D-E0A0090A3B64}.Debug|Any CPU.ActiveCfg = Debug|x86
		{6D26C509-A483-405A-A69D-E0A0090A3B64}.Debug|x86.ActiveCfg = Debug|x86
		{6D26C509-A483-405A-A69D-E0A0090A3B64}.Debug|x86.Build.0 = Debug|x86
		{6D26C509-A483-405A-A69D-E0A0090A3B64}.Release|Any CPU.ActiveCfg = Release|x86
		{6D26C509-A483-405A-A69D-E0A0090A3B64}.Release|x86.ActiveCfg = Release|x86
		{6D26C509-A483-405A-A69D-E0A0090A3B64}.Release|x86.Build.0 = Release|x86
	EndGlobalSection
	GlobalSection(SolutionProperties) = preSolution
		HideSolutionNode = FALSE
	EndGlobalSection
EndGlobal
